
Microsoft Visual Studio Solution File, Format Version 12.00
# Visual Studio Version 17
VisualStudioVersion = 17.2.32505.173
MinimumVisualStudioVersion = 10.0.40219.1
Project("{FAE04EC0-301F-11D3-BF4B-00C04F79EFBC}") = "MinimalApiSample", "MinimalApiSample\MinimalApiSample.csproj", "{2D7BA482-8CEC-4976-A573-A9C906CCFE9B}"
EndProject
Project("{FAE04EC0-301F-11D3-BF4B-00C04F79EFBC}") = "MinimalApiSample.Tests", "MinimalApiSample.Tests\MinimalApiSample.Tests.csproj", "{A6E62787-3BCB-411F-881D-BE638887D350}"
EndProject
Global
	GlobalSection(SolutionConfigurationPlatforms) = preSolution
		Debug|Any CPU = Debug|Any CPU
		Release|Any CPU = Release|Any CPU
	EndGlobalSection
	GlobalSection(ProjectConfigurationPlatforms) = postSolution
		{2D7BA482-8CEC-4976-A573-A9C906CCFE9B}.Debug|Any CPU.ActiveCfg = Debug|Any CPU
		{2D7BA482-8CEC-4976-A573-A9C906CCFE9B}.Debug|Any CPU.Build.0 = Debug|Any CPU
		{2D7BA482-8CEC-4976-A573-A9C906CCFE9B}.Release|Any CPU.ActiveCfg = Release|Any CPU
		{2D7BA482-8CEC-4976-A573-A9C906CCFE9B}.Release|Any CPU.Build.0 = Release|Any CPU
		{A6E62787-3BCB-411F-881D-BE638887D350}.Debug|Any CPU.ActiveCfg = Debug|Any CPU
		{A6E62787-3BCB-411F-881D-BE638887D350}.Debug|Any CPU.Build.0 = Debug|Any CPU
		{A6E62787-3BCB-411F-881D-BE638887D350}.Release|Any CPU.ActiveCfg = Release|Any CPU
		{A6E62787-3BCB-411F-881D-BE638887D350}.Release|Any CPU.Build.0 = Release|Any CPU
	EndGlobalSection
	GlobalSection(SolutionProperties) = preSolution
		HideSolutionNode = FALSE
	EndGlobalSection
	GlobalSection(ExtensibilityGlobals) = postSolution
		SolutionGuid = {91E26364-F3FA-4A4F-937F-AC45BC323AC3}
	EndGlobalSection
EndGlobal
